
Microsoft Visual Studio Solution File, Format Version 12.00
# Visual Studio 15
VisualStudioVersion = 15.0.27130.2027
MinimumVisualStudioVersion = 10.0.40219.1
Project("{FAE04EC0-301F-11D3-BF4B-00C04F79EFBC}") = "JsonBreaker", "JsonBreaker\JsonBreaker.csproj", "{B41CC228-00B1-4C8F-B353-42D6F879F7DF}"
EndProject
Global
	GlobalSection(SolutionConfigurationPlatforms) = preSolution
		Debug|Any CPU = Debug|Any CPU
		Release|Any CPU = Release|Any CPU
	EndGlobalSection
	GlobalSection(ProjectConfigurationPlatforms) = postSolution
		{B41CC228-00B1-4C8F-B353-42D6F879F7DF}.Debug|Any CPU.ActiveCfg = Debug|Any CPU
		{B41CC228-00B1-4C8F-B353-42D6F879F7DF}.Debug|Any CPU.Build.0 = Debug|Any CPU
		{B41CC228-00B1-4C8F-B353-42D6F879F7DF}.Release|Any CPU.ActiveCfg = Release|Any CPU
		{B41CC228-00B1-4C8F-B353-42D6F879F7DF}.Release|Any CPU.Build.0 = Release|Any CPU
	EndGlobalSection
	GlobalSection(SolutionProperties) = preSolution
		HideSolutionNode = FALSE
	EndGlobalSection
	GlobalSection(ExtensibilityGlobals) = postSolution
		SolutionGuid = {5669CB08-B0BA-441A-880F-7E9D91B27962}
	EndGlobalSection
EndGlobal
